
Microsoft Visual Studio Solution File, Format Version 12.00
# Visual Studio 15
VisualStudioVersion = 15.0.27428.1
MinimumVisualStudioVersion = 10.0.40219.1
Project("{FAE04EC0-301F-11D3-BF4B-00C04F79EFBC}") = "App28.Android", "App28\App28.Android\App28.Android.csproj", "{D4A9B8C8-02E8-4D15-8923-EECCCA428A02}"
EndProject
Project("{FAE04EC0-301F-11D3-BF4B-00C04F79EFBC}") = "App28.iOS", "App28\App28.iOS\App28.iOS.csproj", "{44FB3826-3F23-4981-9CEC-FABDBD0A26F7}"
EndProject
Project("{FAE04EC0-301F-11D3-BF4B-00C04F79EFBC}") = "App28.UWP", "App28\App28.UWP\App28.UWP.csproj", "{CBD05077-BD47-4CB8-A64A-C4EDCF522C2C}"
EndProject
Project("{D954291E-2A0B-460D-934E-DC6B0785DB48}") = "App28", "App28\App28\App28.shproj", "{302AB469-8551-4355-AE26-4D16C393845C}"
EndProject
Global
	GlobalSection(SharedMSBuildProjectFiles) = preSolution
		App28\App28\App28.projitems*{302ab469-8551-4355-ae26-4d16c393845c}*SharedItemsImports = 13
		App28\App28\App28.projitems*{44fb3826-3f23-4981-9cec-fabdbd0a26f7}*SharedItemsImports = 4
		App28\App28\App28.projitems*{cbd05077-bd47-4cb8-a64a-c4edcf522c2c}*SharedItemsImports = 4
		App28\App28\App28.projitems*{d4a9b8c8-02e8-4d15-8923-eeccca428a02}*SharedItemsImports = 4
	EndGlobalSection
	GlobalSection(SolutionConfigurationPlatforms) = preSolution
		Ad-Hoc|Any CPU = Ad-Hoc|Any CPU
		Ad-Hoc|ARM = Ad-Hoc|ARM
		Ad-Hoc|iPhone = Ad-Hoc|iPhone
		Ad-Hoc|iPhoneSimulator = Ad-Hoc|iPhoneSimulator
		Ad-Hoc|x64 = Ad-Hoc|x64
		Ad-Hoc|x86 = Ad-Hoc|x86
		AppStore|Any CPU = AppStore|Any CPU
		AppStore|ARM = AppStore|ARM
		AppStore|iPhone = AppStore|iPhone
		AppStore|iPhoneSimulator = AppStore|iPhoneSimulator
		AppStore|x64 = AppStore|x64
		AppStore|x86 = AppStore|x86
		Debug|Any CPU = Debug|Any CPU
		Debug|ARM = Debug|ARM
		Debug|iPhone = Debug|iPhone
		Debug|iPhoneSimulator = Debug|iPhoneSimulator
		Debug|x64 = Debug|x64
		Debug|x86 = Debug|x86
		Release|Any CPU = Release|Any CPU
		Release|ARM = Release|ARM
		Release|iPhone = Release|iPhone
		Release|iPhoneSimulator = Release|iPhoneSimulator
		Release|x64 = Release|x64
		Release|x86 = Release|x86
	EndGlobalSection
	GlobalSection(ProjectConfigurationPlatforms) = postSolution
		{D4A9B8C8-02E8-4D15-8923-EECCCA428A02}.Ad-Hoc|Any CPU.ActiveCfg = Release|Any CPU
		{D4A9B8C8-02E8-4D15-8923-EECCCA428A02}.Ad-Hoc|Any CPU.Build.0 = Release|Any CPU
		{D4A9B8C8-02E8-4D15-8923-EECCCA428A02}.Ad-Hoc|Any CPU.Deploy.0 = Release|Any CPU
		{D4A9B8C8-02E8-4D15-8923-EECCCA428A02}.Ad-Hoc|ARM.ActiveCfg = Release|Any CPU
		{D4A9B8C8-02E8-4D15-8923-EECCCA428A02}.Ad-Hoc|ARM.Build.0 = Release|Any CPU
		{D4A9B8C8-02E8-4D15-8923-EECCCA428A02}.Ad-Hoc|ARM.Deploy.0 = Release|Any CPU
		{D4A9B8C8-02E8-4D15-8923-EECCCA428A02}.Ad-Hoc|iPhone.ActiveCfg = Release|Any CPU
		{D4A9B8C8-02E8-4D15-8923-EECCCA428A02}.Ad-Hoc|iPhone.Build.0 = Release|Any CPU
		{D4A9B8C8-02E8-4D15-8923-EECCCA428A02}.Ad-Hoc|iPhone.Deploy.0 = Release|Any CPU
		{D4A9B8C8-02E8-4D15-8923-EECCCA428A02}.Ad-Hoc|iPhoneSimulator.ActiveCfg = Release|Any CPU
		{D4A9B8C8-02E8-4D15-8923-EECCCA428A02}.Ad-Hoc|iPhoneSimulator.Build.0 = Release|Any CPU
		{D4A9B8C8-02E8-4D15-8923-EECCCA428A02}.Ad-Hoc|iPhoneSimulator.Deploy.0 = Release|Any CPU
		{D4A9B8C8-02E8-4D15-8923-EECCCA428A02}.Ad-Hoc|x64.ActiveCfg = Release|Any CPU
		{D4A9B8C8-02E8-4D15-8923-EECCCA428A02}.Ad-Hoc|x64.Build.0 = Release|Any CPU
		{D4A9B8C8-02E8-4D15-8923-EECCCA428A02}.Ad-Hoc|x64.Deploy.0 = Release|Any CPU
		{D4A9B8C8-02E8-4D15-8923-EECCCA428A02}.Ad-Hoc|x86.ActiveCfg = Release|Any CPU
		{D4A9B8C8-02E8-4D15-8923-EECCCA428A02}.Ad-Hoc|x86.Build.0 = Release|Any CPU
		{D4A9B8C8-02E8-4D15-8923-EECCCA428A02}.Ad-Hoc|x86.Deploy.0 = Release|Any CPU
		{D4A9B8C8-02E8-4D15-8923-EECCCA428A02}.AppStore|Any CPU.ActiveCfg = Release|Any CPU
		{D4A9B8C8-02E8-4D15-8923-EECCCA428A02}.AppStore|Any CPU.Build.0 = Release|Any CPU
		{D4A9B8C8-02E8-4D15-8923-EECCCA428A02}.AppStore|Any CPU.Deploy.0 = Release|Any CPU
		{D4A9B8C8-02E8-4D15-8923-EECCCA428A02}.AppStore|ARM.ActiveCfg = Release|Any CPU
		{D4A9B8C8-02E8-4D15-8923-EECCCA428A02}.AppStore|ARM.Build.0 = Release|Any CPU
		{D4A9B8C8-02E8-4D15-8923-EECCCA428A02}.AppStore|ARM.Deploy.0 = Release|Any CPU
		{D4A9B8C8-02E8-4D15-8923-EECCCA428A02}.AppStore|iPhone.ActiveCfg = Release|Any CPU
		{D4A9B8C8-02E8-4D15-8923-EECCCA428A02}.AppStore|iPhone.Build.0 = Release|Any CPU
		{D4A9B8C8-02E8-4D15-8923-EECCCA428A02}.AppStore|iPhone.Deploy.0 = Release|Any CPU
		{D4A9B8C8-02E8-4D15-8923-EECCCA428A02}.AppStore|iPhoneSimulator.ActiveCfg = Release|Any CPU
		{D4A9B8C8-02E8-4D15-8923-EECCCA428A02}.AppStore|iPhoneSimulator.Build.0 = Release|Any CPU
		{D4A9B8C8-02E8-4D15-8923-EECCCA428A02}.AppStore|iPhoneSimulator.Deploy.0 = Release|Any CPU
		{D4A9B8C8-02E8-4D15-8923-EECCCA428A02}.AppStore|x64.ActiveCfg = Release|Any CPU
		{D4A9B8C8-02E8-4D15-8923-EECCCA428A02}.AppStore|x64.Build.0 = Release|Any CPU
		{D4A9B8C8-02E8-4D15-8923-EECCCA428A02}.AppStore|x64.Deploy.0 = Release|Any CPU
		{D4A9B8C8-02E8-4D15-8923-EECCCA428A02}.AppStore|x86.ActiveCfg = Release|Any CPU
		{D4A9B8C8-02E8-4D15-8923-EECCCA428A02}.AppStore|x86.Build.0 = Release|Any CPU
		{D4A9B8C8-02E8-4D15-8923-EECCCA428A02}.AppStore|x86.Deploy.0 = Release|Any CPU
		{D4A9B8C8-02E8-4D15-8923-EECCCA428A02}.Debug|Any CPU.ActiveCfg = Debug|Any CPU
		{D4A9B8C8-02E8-4D15-8923-EECCCA428A02}.Debug|Any CPU.Build.0 = Debug|Any CPU
		{D4A9B8C8-02E8-4D15-8923-EECCCA428A02}.Debug|Any CPU.Deploy.0 = Debug|Any CPU
		{D4A9B8C8-02E8-4D15-8923-EECCCA428A02}.Debug|ARM.ActiveCfg = Debug|Any CPU
		{D4A9B8C8-02E8-4D15-8923-EECCCA428A02}.Debug|ARM.Build.0 = Debug|Any CPU
		{D4A9B8C8-02E8-4D15-8923-EECCCA428A02}.Debug|ARM.Deploy.0 = Debug|Any CPU
		{D4A9B8C8-02E8-4D15-8923-EECCCA428A02}.Debug|iPhone.ActiveCfg = Debug|Any CPU
		{D4A9B8C8-02E8-4D15-8923-EECCCA428A02}.Debug|iPhone.Build.0 = Debug|Any CPU
		{D4A9B8C8-02E8-4D15-8923-EECCCA428A02}.Debug|iPhone.Deploy.0 = Debug|Any CPU
		{D4A9B8C8-02E8-4D15-8923-EECCCA428A02}.Debug|iPhoneSimulator.ActiveCfg = Debug|Any CPU
		{D4A9B8C8-02E8-4D15-8923-EECCCA428A02}.Debug|iPhoneSimulator.Build.0 = Debug|Any CPU
		{D4A9B8C8-02E8-4D15-8923-EECCCA428A02}.Debug|iPhoneSimulator.Deploy.0 = Debug|Any CPU
		{D4A9B8C8-02E8-4D15-8923-EECCCA428A02}.Debug|x64.ActiveCfg = Debug|Any CPU
		{D4A9B8C8-02E8-4D15-8923-EECCCA428A02}.Debug|x64.Build.0 = Debug|Any CPU
		{D4A9B8C8-02E8-4D15-8923-EECCCA428A02}.Debug|x64.Deploy.0 = Debug|Any CPU
		{D4A9B8C8-02E8-4D15-8923-EECCCA428A02}.Debug|x86.ActiveCfg = Debug|Any CPU
		{D4A9B8C8-02E8-4D15-8923-EECCCA428A02}.Debug|x86.Build.0 = Debug|Any CPU
		{D4A9B8C8-02E8-4D15-8923-EECCCA428A02}.Debug|x86.Deploy.0 = Debug|Any CPU
		{D4A9B8C8-02E8-4D15-8923-EECCCA428A02}.Release|Any CPU.ActiveCfg = Release|Any CPU
		{D4A9B8C8-02E8-4D15-8923-EECCCA428A02}.Release|Any CPU.Build.0 = Release|Any CPU
		{D4A9B8C8-02E8-4D15-8923-EECCCA428A02}.Release|Any CPU.Deploy.0 = Release|Any CPU
		{D4A9B8C8-02E8-4D15-8923-EECCCA428A02}.Release|ARM.ActiveCfg = Release|Any CPU
		{D4A9B8C8-02E8-4D15-8923-EECCCA428A02}.Release|ARM.Build.0 = Release|Any CPU
		{D4A9B8C8-02E8-4D15-8923-EECCCA428A02}.Release|ARM.Deploy.0 = Release|Any CPU
		{D4A9B8C8-02E8-4D15-8923-EECCCA428A02}.Release|iPhone.ActiveCfg = Release|Any CPU
		{D4A9B8C8-02E8-4D15-8923-EECCCA428A02}.Release|iPhone.Build.0 = Release|Any CPU
		{D4A9B8C8-02E8-4D15-8923-EECCCA428A02}.Release|iPhone.Deploy.0 = Release|Any CPU
		{D4A9B8C8-02E8-4D15-8923-EECCCA428A02}.Release|iPhoneSimulator.ActiveCfg = Release|Any CPU
		{D4A9B8C8-02E8-4D15-8923-EECCCA428A02}.Release|iPhoneSimulator.Build.0 = Release|Any CPU
		{D4A9B8C8-02E8-4D15-8923-EECCCA428A02}.Release|iPhoneSimulator.Deploy.0 = Release|Any CPU
		{D4A9B8C8-02E8-4D15-8923-EECCCA428A02}.Release|x64.ActiveCfg = Release|Any CPU
		{D4A9B8C8-02E8-4D15-8923-EECCCA428A02}.Release|x64.Build.0 = Release|Any CPU
		{D4A9B8C8-02E8-4D15-8923-EECCCA428A02}.Release|x64.Deploy.0 = Release|Any CPU
		{D4A9B8C8-02E8-4D15-8923-EECCCA428A02}.Release|x86.ActiveCfg = Release|Any CPU
		{D4A9B8C8-02E8-4D15-8923-EECCCA428A02}.Release|x86.Build.0 = Release|Any CPU
		{D4A9B8C8-02E8-4D15-8923-EECCCA428A02}.Release|x86.Deploy.0 = Release|Any CPU
		{44FB3826-3F23-4981-9CEC-FABDBD0A26F7}.Ad-Hoc|Any CPU.ActiveCfg = Ad-Hoc|iPhone
		{44FB3826-3F23-4981-9CEC-FABDBD0A26F7}.Ad-Hoc|ARM.ActiveCfg = Ad-Hoc|iPhone
		{44FB3826-3F23-4981-9CEC-FABDBD0A26F7}.Ad-Hoc|iPhone.ActiveCfg = Ad-Hoc|iPhone
		{44FB3826-3F23-4981-9CEC-FABDBD0A26F7}.Ad-Hoc|iPhone.Build.0 = Ad-Hoc|iPhone
		{44FB3826-3F23-4981-9CEC-FABDBD0A26F7}.Ad-Hoc|iPhoneSimulator.ActiveCfg = Ad-Hoc|iPhoneSimulator
		{44FB3826-3F23-4981-9CEC-FABDBD0A26F7}.Ad-Hoc|iPhoneSimulator.Build.0 = Ad-Hoc|iPhoneSimulator
		{44FB3826-3F23-4981-9CEC-FABDBD0A26F7}.Ad-Hoc|x64.ActiveCfg = Ad-Hoc|iPhone
		{44FB3826-3F23-4981-9CEC-FABDBD0A26F7}.Ad-Hoc|x86.ActiveCfg = Ad-Hoc|iPhone
		{44FB3826-3F23-4981-9CEC-FABDBD0A26F7}.AppStore|Any CPU.ActiveCfg = AppStore|iPhone
		{44FB3826-3F23-4981-9CEC-FABDBD0A26F7}.AppStore|ARM.ActiveCfg = AppStore|iPhone
		{44FB3826-3F23-4981-9CEC-FABDBD0A26F7}.AppStore|iPhone.ActiveCfg = AppStore|iPhone
		{44FB3826-3F23-4981-9CEC-FABDBD0A26F7}.AppStore|iPhone.Build.0 = AppStore|iPhone
		{44FB3826-3F23-4981-9CEC-FABDBD0A26F7}.AppStore|iPhoneSimulator.ActiveCfg = AppStore|iPhoneSimulator
		{44FB3826-3F23-4981-9CEC-FABDBD0A26F7}.AppStore|iPhoneSimulator.Build.0 = AppStore|iPhoneSimulator
		{44FB3826-3F23-4981-9CEC-FABDBD0A26F7}.AppStore|x64.ActiveCfg = AppStore|iPhone
		{44FB3826-3F23-4981-9CEC-FABDBD0A26F7}.AppStore|x86.ActiveCfg = AppStore|iPhone
		{44FB3826-3F23-4981-9CEC-FABDBD0A26F7}.Debug|Any CPU.ActiveCfg = Debug|iPhone
		{44FB3826-3F23-4981-9CEC-FABDBD0A26F7}.Debug|ARM.ActiveCfg = Debug|iPhone
		{44FB3826-3F23-4981-9CEC-FABDBD0A26F7}.Debug|iPhone.ActiveCfg = Debug|iPhone
		{44FB3826-3F23-4981-9CEC-FABDBD0A26F7}.Debug|iPhone.Build.0 = Debug|iPhone
		{44FB3826-3F23-4981-9CEC-FABDBD0A26F7}.Debug|iPhoneSimulator.ActiveCfg = Debug|iPhoneSimulator
		{44FB3826-3F23-4981-9CEC-FABDBD0A26F7}.Debug|iPhoneSimulator.Build.0 = Debug|iPhoneSimulator
		{44FB3826-3F23-4981-9CEC-FABDBD0A26F7}.Debug|x64.ActiveCfg = Debug|iPhone
		{44FB3826-3F23-4981-9CEC-FABDBD0A26F7}.Debug|x86.ActiveCfg = Debug|iPhone
		{44FB3826-3F23-4981-9CEC-FABDBD0A26F7}.Release|Any CPU.ActiveCfg = Release|iPhone
		{44FB3826-3F23-4981-9CEC-FABDBD0A26F7}.Release|ARM.ActiveCfg = Release|iPhone
		{44FB3826-3F23-4981-9CEC-FABDBD0A26F7}.Release|iPhone.ActiveCfg = Release|iPhone
		{44FB3826-3F23-4981-9CEC-FABDBD0A26F7}.Release|iPhone.Build.0 = Release|iPhone
		{44FB3826-3F23-4981-9CEC-FABDBD0A26F7}.Release|iPhoneSimulator.ActiveCfg = Release|iPhoneSimulator
		{44FB3826-3F23-4981-9CEC-FABDBD0A26F7}.Release|iPhoneSimulator.Build.0 = Release|iPhoneSimulator
		{44FB3826-3F23-4981-9CEC-FABDBD0A26F7}.Release|x64.ActiveCfg = Release|iPhone
		{44FB3826-3F23-4981-9CEC-FABDBD0A26F7}.Release|x86.ActiveCfg = Release|iPhone
		{CBD05077-BD47-4CB8-A64A-C4EDCF522C2C}.Ad-Hoc|Any CPU.ActiveCfg = Release|x86
		{CBD05077-BD47-4CB8-A64A-C4EDCF522C2C}.Ad-Hoc|Any CPU.Build.0 = Release|x86
		{CBD05077-BD47-4CB8-A64A-C4EDCF522C2C}.Ad-Hoc|Any CPU.Deploy.0 = Release|x86
		{CBD05077-BD47-4CB8-A64A-C4EDCF522C2C}.Ad-Hoc|ARM.ActiveCfg = Release|ARM
		{CBD05077-BD47-4CB8-A64A-C4EDCF522C2C}.Ad-Hoc|ARM.Build.0 = Release|ARM
		{CBD05077-BD47-4CB8-A64A-C4EDCF522C2C}.Ad-Hoc|ARM.Deploy.0 = Release|ARM
		{CBD05077-BD47-4CB8-A64A-C4EDCF522C2C}.Ad-Hoc|iPhone.ActiveCfg = Release|x86
		{CBD05077-BD47-4CB8-A64A-C4EDCF522C2C}.Ad-Hoc|iPhone.Build.0 = Release|x86
		{CBD05077-BD47-4CB8-A64A-C4EDCF522C2C}.Ad-Hoc|iPhone.Deploy.0 = Release|x86
		{CBD05077-BD47-4CB8-A64A-C4EDCF522C2C}.Ad-Hoc|iPhoneSimulator.ActiveCfg = Release|x86
		{CBD05077-BD47-4CB8-A64A-C4EDCF522C2C}.Ad-Hoc|iPhoneSimulator.Build.0 = Release|x86
		{CBD05077-BD47-4CB8-A64A-C4EDCF522C2C}.Ad-Hoc|iPhoneSimulator.Deploy.0 = Release|x86
		{CBD05077-BD47-4CB8-A64A-C4EDCF522C2C}.Ad-Hoc|x64.ActiveCfg = Release|x64
		{CBD05077-BD47-4CB8-A64A-C4EDCF522C2C}.Ad-Hoc|x64.Build.0 = Release|x64
		{CBD05077-BD47-4CB8-A64A-C4EDCF522C2C}.Ad-Hoc|x64.Deploy.0 = Release|x64
		{CBD05077-BD47-4CB8-A64A-C4EDCF522C2C}.Ad-Hoc|x86.ActiveCfg = Release|x86
		{CBD05077-BD47-4CB8-A64A-C4EDCF522C2C}.Ad-Hoc|x86.Build.0 = Release|x86
		{CBD05077-BD47-4CB8-A64A-C4EDCF522C2C}.Ad-Hoc|x86.Deploy.0 = Release|x86
		{CBD05077-BD47-4CB8-A64A-C4EDCF522C2C}.AppStore|Any CPU.ActiveCfg = Release|x86
		{CBD05077-BD47-4CB8-A64A-C4EDCF522C2C}.AppStore|Any CPU.Build.0 = Release|x86
		{CBD05077-BD47-4CB8-A64A-C4EDCF522C2C}.AppStore|Any CPU.Deploy.0 = Release|x86
		{CBD05077-BD47-4CB8-A64A-C4EDCF522C2C}.AppStore|ARM.ActiveCfg = Release|ARM
		{CBD05077-BD47-4CB8-A64A-C4EDCF522C2C}.AppStore|ARM.Build.0 = Release|ARM
		{CBD05077-BD47-4CB8-A64A-C4EDCF522C2C}.AppStore|ARM.Deploy.0 = Release|ARM
		{CBD05077-BD47-4CB8-A64A-C4EDCF522C2C}.AppStore|iPhone.ActiveCfg = Release|x86
		{CBD05077-BD47-4CB8-A64A-C4EDCF522C2C}.AppStore|iPhone.Build.0 = Release|x86
		{CBD05077-BD47-4CB8-A64A-C4EDCF522C2C}.AppStore|iPhone.Deploy.0 = Release|x86
		{CBD05077-BD47-4CB8-A64A-C4EDCF522C2C}.AppStore|iPhoneSimulator.ActiveCfg = Release|x86
		{CBD05077-BD47-4CB8-A64A-C4EDCF522C2C}.AppStore|iPhoneSimulator.Build.0 = Release|x86
		{CBD05077-BD47-4CB8-A64A-C4EDCF522C2C}.AppStore|iPhoneSimulator.Deploy.0 = Release|x86
		{CBD05077-BD47-4CB8-A64A-C4EDCF522C2C}.AppStore|x64.ActiveCfg = Release|x64
		{CBD05077-BD47-4CB8-A64A-C4EDCF522C2C}.AppStore|x64.Build.0 = Release|x64
		{CBD05077-BD47-4CB8-A64A-C4EDCF522C2C}.AppStore|x64.Deploy.0 = Release|x64
		{CBD05077-BD47-4CB8-A64A-C4EDCF522C2C}.AppStore|x86.ActiveCfg = Release|x86
		{CBD05077-BD47-4CB8-A64A-C4EDCF522C2C}.AppStore|x86.Build.0 = Release|x86
		{CBD05077-BD47-4CB8-A64A-C4EDCF522C2C}.AppStore|x86.Deploy.0 = Release|x86
		{CBD05077-BD47-4CB8-A64A-C4EDCF522C2C}.Debug|Any CPU.ActiveCfg = Debug|x86
		{CBD05077-BD47-4CB8-A64A-C4EDCF522C2C}.Debug|ARM.ActiveCfg = Debug|ARM
		{CBD05077-BD47-4CB8-A64A-C4EDCF522C2C}.Debug|ARM.Build.0 = Debug|ARM
		{CBD05077-BD47-4CB8-A64A-C4EDCF522C2C}.Debug|ARM.Deploy.0 = Debug|ARM
		{CBD05077-BD47-4CB8-A64A-C4EDCF522C2C}.Debug|iPhone.ActiveCfg = Debug|x86
		{CBD05077-BD47-4CB8-A64A-C4EDCF522C2C}.Debug|iPhoneSimulator.ActiveCfg = Debug|x86
		{CBD05077-BD47-4CB8-A64A-C4EDCF522C2C}.Debug|x64.ActiveCfg = Debug|x64
		{CBD05077-BD47-4CB8-A64A-C4EDCF522C2C}.Debug|x64.Build.0 = Debug|x64
		{CBD05077-BD47-4CB8-A64A-C4EDCF522C2C}.Debug|x64.Deploy.0 = Debug|x64
		{CBD05077-BD47-4CB8-A64A-C4EDCF522C2C}.Debug|x86.ActiveCfg = Debug|x86
		{CBD05077-BD47-4CB8-A64A-C4EDCF522C2C}.Debug|x86.Build.0 = Debug|x86
		{CBD05077-BD47-4CB8-A64A-C4EDCF522C2C}.Debug|x86.Deploy.0 = Debug|x86
		{CBD05077-BD47-4CB8-A64A-C4EDCF522C2C}.Release|Any CPU.ActiveCfg = Release|x86
		{CBD05077-BD47-4CB8-A64A-C4EDCF522C2C}.Release|ARM.ActiveCfg = Release|ARM
		{CBD05077-BD47-4CB8-A64A-C4EDCF522C2C}.Release|ARM.Build.0 = Release|ARM
		{CBD05077-BD47-4CB8-A64A-C4EDCF522C2C}.Release|ARM.Deploy.0 = Release|ARM
		{CBD05077-BD47-4CB8-A64A-C4EDCF522C2C}.Release|iPhone.ActiveCfg = Release|x86
		{CBD05077-BD47-4CB8-A64A-C4EDCF522C2C}.Release|iPhoneSimulator.ActiveCfg = Release|x86
		{CBD05077-BD47-4CB8-A64A-C4EDCF522C2C}.Release|x64.ActiveCfg = Release|x64
		{CBD05077-BD47-4CB8-A64A-C4EDCF522C2C}.Release|x64.Build.0 = Release|x64
		{CBD05077-BD47-4CB8-A64A-C4EDCF522C2C}.Release|x64.Deploy.0 = Release|x64
		{CBD05077-BD47-4CB8-A64A-C4EDCF522C2C}.Release|x86.ActiveCfg = Release|x86
		{CBD05077-BD47-4CB8-A64A-C4EDCF522C2C}.Release|x86.Build.0 = Release|x86
		{CBD05077-BD47-4CB8-A64A-C4EDCF522C2C}.Release|x86.Deploy.0 = Release|x86
	EndGlobalSection
	GlobalSection(SolutionProperties) = preSolution
		HideSolutionNode = FALSE
	EndGlobalSection
	GlobalSection(ExtensibilityGlobals) = postSolution
		SolutionGuid = {C4189A3E-FC88-4B3B-8B1A-BD80110FCA9D}
	EndGlobalSection
EndGlobal
