
Microsoft Visual Studio Solution File, Format Version 12.00
# Visual Studio 15
VisualStudioVersion = 15.0.27703.2035
MinimumVisualStudioVersion = 10.0.40219.1
Project("{FAE04EC0-301F-11D3-BF4B-00C04F79EFBC}") = "ios-md-netstd01.Android", "ios-md-netstd01\ios-md-netstd01.Android\ios-md-netstd01.Android.csproj", "{3CC059BC-1F8A-469B-909A-AF0DDBCD04CF}"
EndProject
Project("{FAE04EC0-301F-11D3-BF4B-00C04F79EFBC}") = "ios-md-netstd01.iOS", "ios-md-netstd01\ios-md-netstd01.iOS\ios-md-netstd01.iOS.csproj", "{BFE5C37D-17B9-40CC-9294-B0CF0891093D}"
EndProject
Project("{FAE04EC0-301F-11D3-BF4B-00C04F79EFBC}") = "ios-md-netstd01.UWP", "ios-md-netstd01\ios-md-netstd01.UWP\ios-md-netstd01.UWP.csproj", "{D334E2E8-E373-4580-BBEF-EF8715C6EB16}"
EndProject
Project("{FAE04EC0-301F-11D3-BF4B-00C04F79EFBC}") = "ios-md-netstd01", "ios-md-netstd01\ios-md-netstd01\ios-md-netstd01.csproj", "{A245BB8E-A2BD-4A8E-B0D4-15D18E68D4CD}"
EndProject
Global
	GlobalSection(SolutionConfigurationPlatforms) = preSolution
		Debug|Any CPU = Debug|Any CPU
		Debug|ARM = Debug|ARM
		Debug|iPhone = Debug|iPhone
		Debug|iPhoneSimulator = Debug|iPhoneSimulator
		Debug|x64 = Debug|x64
		Debug|x86 = Debug|x86
		Release|Any CPU = Release|Any CPU
		Release|ARM = Release|ARM
		Release|iPhone = Release|iPhone
		Release|iPhoneSimulator = Release|iPhoneSimulator
		Release|x64 = Release|x64
		Release|x86 = Release|x86
	EndGlobalSection
	GlobalSection(ProjectConfigurationPlatforms) = postSolution
		{3CC059BC-1F8A-469B-909A-AF0DDBCD04CF}.Debug|Any CPU.ActiveCfg = Debug|Any CPU
		{3CC059BC-1F8A-469B-909A-AF0DDBCD04CF}.Debug|Any CPU.Build.0 = Debug|Any CPU
		{3CC059BC-1F8A-469B-909A-AF0DDBCD04CF}.Debug|Any CPU.Deploy.0 = Debug|Any CPU
		{3CC059BC-1F8A-469B-909A-AF0DDBCD04CF}.Debug|ARM.ActiveCfg = Debug|Any CPU
		{3CC059BC-1F8A-469B-909A-AF0DDBCD04CF}.Debug|ARM.Build.0 = Debug|Any CPU
		{3CC059BC-1F8A-469B-909A-AF0DDBCD04CF}.Debug|ARM.Deploy.0 = Debug|Any CPU
		{3CC059BC-1F8A-469B-909A-AF0DDBCD04CF}.Debug|iPhone.ActiveCfg = Debug|Any CPU
		{3CC059BC-1F8A-469B-909A-AF0DDBCD04CF}.Debug|iPhone.Build.0 = Debug|Any CPU
		{3CC059BC-1F8A-469B-909A-AF0DDBCD04CF}.Debug|iPhone.Deploy.0 = Debug|Any CPU
		{3CC059BC-1F8A-469B-909A-AF0DDBCD04CF}.Debug|iPhoneSimulator.ActiveCfg = Debug|Any CPU
		{3CC059BC-1F8A-469B-909A-AF0DDBCD04CF}.Debug|iPhoneSimulator.Build.0 = Debug|Any CPU
		{3CC059BC-1F8A-469B-909A-AF0DDBCD04CF}.Debug|iPhoneSimulator.Deploy.0 = Debug|Any CPU
		{3CC059BC-1F8A-469B-909A-AF0DDBCD04CF}.Debug|x64.ActiveCfg = Debug|Any CPU
		{3CC059BC-1F8A-469B-909A-AF0DDBCD04CF}.Debug|x64.Build.0 = Debug|Any CPU
		{3CC059BC-1F8A-469B-909A-AF0DDBCD04CF}.Debug|x64.Deploy.0 = Debug|Any CPU
		{3CC059BC-1F8A-469B-909A-AF0DDBCD04CF}.Debug|x86.ActiveCfg = Debug|Any CPU
		{3CC059BC-1F8A-469B-909A-AF0DDBCD04CF}.Debug|x86.Build.0 = Debug|Any CPU
		{3CC059BC-1F8A-469B-909A-AF0DDBCD04CF}.Debug|x86.Deploy.0 = Debug|Any CPU
		{3CC059BC-1F8A-469B-909A-AF0DDBCD04CF}.Release|Any CPU.ActiveCfg = Release|Any CPU
		{3CC059BC-1F8A-469B-909A-AF0DDBCD04CF}.Release|Any CPU.Build.0 = Release|Any CPU
		{3CC059BC-1F8A-469B-909A-AF0DDBCD04CF}.Release|Any CPU.Deploy.0 = Release|Any CPU
		{3CC059BC-1F8A-469B-909A-AF0DDBCD04CF}.Release|ARM.ActiveCfg = Release|Any CPU
		{3CC059BC-1F8A-469B-909A-AF0DDBCD04CF}.Release|ARM.Build.0 = Release|Any CPU
		{3CC059BC-1F8A-469B-909A-AF0DDBCD04CF}.Release|ARM.Deploy.0 = Release|Any CPU
		{3CC059BC-1F8A-469B-909A-AF0DDBCD04CF}.Release|iPhone.ActiveCfg = Release|Any CPU
		{3CC059BC-1F8A-469B-909A-AF0DDBCD04CF}.Release|iPhone.Build.0 = Release|Any CPU
		{3CC059BC-1F8A-469B-909A-AF0DDBCD04CF}.Release|iPhone.Deploy.0 = Release|Any CPU
		{3CC059BC-1F8A-469B-909A-AF0DDBCD04CF}.Release|iPhoneSimulator.ActiveCfg = Release|Any CPU
		{3CC059BC-1F8A-469B-909A-AF0DDBCD04CF}.Release|iPhoneSimulator.Build.0 = Release|Any CPU
		{3CC059BC-1F8A-469B-909A-AF0DDBCD04CF}.Release|iPhoneSimulator.Deploy.0 = Release|Any CPU
		{3CC059BC-1F8A-469B-909A-AF0DDBCD04CF}.Release|x64.ActiveCfg = Release|Any CPU
		{3CC059BC-1F8A-469B-909A-AF0DDBCD04CF}.Release|x64.Build.0 = Release|Any CPU
		{3CC059BC-1F8A-469B-909A-AF0DDBCD04CF}.Release|x64.Deploy.0 = Release|Any CPU
		{3CC059BC-1F8A-469B-909A-AF0DDBCD04CF}.Release|x86.ActiveCfg = Release|Any CPU
		{3CC059BC-1F8A-469B-909A-AF0DDBCD04CF}.Release|x86.Build.0 = Release|Any CPU
		{3CC059BC-1F8A-469B-909A-AF0DDBCD04CF}.Release|x86.Deploy.0 = Release|Any CPU
		{BFE5C37D-17B9-40CC-9294-B0CF0891093D}.Debug|Any CPU.ActiveCfg = Debug|iPhoneSimulator
		{BFE5C37D-17B9-40CC-9294-B0CF0891093D}.Debug|Any CPU.Build.0 = Debug|iPhoneSimulator
		{BFE5C37D-17B9-40CC-9294-B0CF0891093D}.Debug|Any CPU.Deploy.0 = Debug|iPhoneSimulator
		{BFE5C37D-17B9-40CC-9294-B0CF0891093D}.Debug|ARM.ActiveCfg = Debug|iPhone
		{BFE5C37D-17B9-40CC-9294-B0CF0891093D}.Debug|ARM.Build.0 = Debug|iPhone
		{BFE5C37D-17B9-40CC-9294-B0CF0891093D}.Debug|ARM.Deploy.0 = Debug|iPhone
		{BFE5C37D-17B9-40CC-9294-B0CF0891093D}.Debug|iPhone.ActiveCfg = Debug|iPhone
		{BFE5C37D-17B9-40CC-9294-B0CF0891093D}.Debug|iPhone.Build.0 = Debug|iPhone
		{BFE5C37D-17B9-40CC-9294-B0CF0891093D}.Debug|iPhone.Deploy.0 = Debug|iPhone
		{BFE5C37D-17B9-40CC-9294-B0CF0891093D}.Debug|iPhoneSimulator.ActiveCfg = Debug|iPhoneSimulator
		{BFE5C37D-17B9-40CC-9294-B0CF0891093D}.Debug|iPhoneSimulator.Build.0 = Debug|iPhoneSimulator
		{BFE5C37D-17B9-40CC-9294-B0CF0891093D}.Debug|iPhoneSimulator.Deploy.0 = Debug|iPhoneSimulator
		{BFE5C37D-17B9-40CC-9294-B0CF0891093D}.Debug|x64.ActiveCfg = Debug|iPhone
		{BFE5C37D-17B9-40CC-9294-B0CF0891093D}.Debug|x64.Build.0 = Debug|iPhone
		{BFE5C37D-17B9-40CC-9294-B0CF0891093D}.Debug|x64.Deploy.0 = Debug|iPhone
		{BFE5C37D-17B9-40CC-9294-B0CF0891093D}.Debug|x86.ActiveCfg = Debug|iPhone
		{BFE5C37D-17B9-40CC-9294-B0CF0891093D}.Debug|x86.Build.0 = Debug|iPhone
		{BFE5C37D-17B9-40CC-9294-B0CF0891093D}.Debug|x86.Deploy.0 = Debug|iPhone
		{BFE5C37D-17B9-40CC-9294-B0CF0891093D}.Release|Any CPU.ActiveCfg = Release|iPhone
		{BFE5C37D-17B9-40CC-9294-B0CF0891093D}.Release|Any CPU.Build.0 = Release|iPhone
		{BFE5C37D-17B9-40CC-9294-B0CF0891093D}.Release|Any CPU.Deploy.0 = Release|iPhone
		{BFE5C37D-17B9-40CC-9294-B0CF0891093D}.Release|ARM.ActiveCfg = Release|iPhone
		{BFE5C37D-17B9-40CC-9294-B0CF0891093D}.Release|ARM.Build.0 = Release|iPhone
		{BFE5C37D-17B9-40CC-9294-B0CF0891093D}.Release|ARM.Deploy.0 = Release|iPhone
		{BFE5C37D-17B9-40CC-9294-B0CF0891093D}.Release|iPhone.ActiveCfg = Release|iPhone
		{BFE5C37D-17B9-40CC-9294-B0CF0891093D}.Release|iPhone.Build.0 = Release|iPhone
		{BFE5C37D-17B9-40CC-9294-B0CF0891093D}.Release|iPhone.Deploy.0 = Release|iPhone
		{BFE5C37D-17B9-40CC-9294-B0CF0891093D}.Release|iPhoneSimulator.ActiveCfg = Release|iPhoneSimulator
		{BFE5C37D-17B9-40CC-9294-B0CF0891093D}.Release|iPhoneSimulator.Build.0 = Release|iPhoneSimulator
		{BFE5C37D-17B9-40CC-9294-B0CF0891093D}.Release|iPhoneSimulator.Deploy.0 = Release|iPhoneSimulator
		{BFE5C37D-17B9-40CC-9294-B0CF0891093D}.Release|x64.ActiveCfg = Release|iPhone
		{BFE5C37D-17B9-40CC-9294-B0CF0891093D}.Release|x64.Build.0 = Release|iPhone
		{BFE5C37D-17B9-40CC-9294-B0CF0891093D}.Release|x64.Deploy.0 = Release|iPhone
		{BFE5C37D-17B9-40CC-9294-B0CF0891093D}.Release|x86.ActiveCfg = Release|iPhone
		{BFE5C37D-17B9-40CC-9294-B0CF0891093D}.Release|x86.Build.0 = Release|iPhone
		{BFE5C37D-17B9-40CC-9294-B0CF0891093D}.Release|x86.Deploy.0 = Release|iPhone
		{D334E2E8-E373-4580-BBEF-EF8715C6EB16}.Debug|Any CPU.ActiveCfg = Debug|x86
		{D334E2E8-E373-4580-BBEF-EF8715C6EB16}.Debug|Any CPU.Build.0 = Debug|x86
		{D334E2E8-E373-4580-BBEF-EF8715C6EB16}.Debug|Any CPU.Deploy.0 = Debug|x86
		{D334E2E8-E373-4580-BBEF-EF8715C6EB16}.Debug|ARM.ActiveCfg = Debug|ARM
		{D334E2E8-E373-4580-BBEF-EF8715C6EB16}.Debug|ARM.Build.0 = Debug|ARM
		{D334E2E8-E373-4580-BBEF-EF8715C6EB16}.Debug|ARM.Deploy.0 = Debug|ARM
		{D334E2E8-E373-4580-BBEF-EF8715C6EB16}.Debug|iPhone.ActiveCfg = Debug|x86
		{D334E2E8-E373-4580-BBEF-EF8715C6EB16}.Debug|iPhone.Build.0 = Debug|x86
		{D334E2E8-E373-4580-BBEF-EF8715C6EB16}.Debug|iPhone.Deploy.0 = Debug|x86
		{D334E2E8-E373-4580-BBEF-EF8715C6EB16}.Debug|iPhoneSimulator.ActiveCfg = Debug|x86
		{D334E2E8-E373-4580-BBEF-EF8715C6EB16}.Debug|iPhoneSimulator.Build.0 = Debug|x86
		{D334E2E8-E373-4580-BBEF-EF8715C6EB16}.Debug|iPhoneSimulator.Deploy.0 = Debug|x86
		{D334E2E8-E373-4580-BBEF-EF8715C6EB16}.Debug|x64.ActiveCfg = Debug|x64
		{D334E2E8-E373-4580-BBEF-EF8715C6EB16}.Debug|x64.Build.0 = Debug|x64
		{D334E2E8-E373-4580-BBEF-EF8715C6EB16}.Debug|x64.Deploy.0 = Debug|x64
		{D334E2E8-E373-4580-BBEF-EF8715C6EB16}.Debug|x86.ActiveCfg = Debug|x86
		{D334E2E8-E373-4580-BBEF-EF8715C6EB16}.Debug|x86.Build.0 = Debug|x86
		{D334E2E8-E373-4580-BBEF-EF8715C6EB16}.Debug|x86.Deploy.0 = Debug|x86
		{D334E2E8-E373-4580-BBEF-EF8715C6EB16}.Release|Any CPU.ActiveCfg = Release|x86
		{D334E2E8-E373-4580-BBEF-EF8715C6EB16}.Release|Any CPU.Build.0 = Release|x86
		{D334E2E8-E373-4580-BBEF-EF8715C6EB16}.Release|Any CPU.Deploy.0 = Release|x86
		{D334E2E8-E373-4580-BBEF-EF8715C6EB16}.Release|ARM.ActiveCfg = Release|ARM
		{D334E2E8-E373-4580-BBEF-EF8715C6EB16}.Release|ARM.Build.0 = Release|ARM
		{D334E2E8-E373-4580-BBEF-EF8715C6EB16}.Release|ARM.Deploy.0 = Release|ARM
		{D334E2E8-E373-4580-BBEF-EF8715C6EB16}.Release|iPhone.ActiveCfg = Release|x86
		{D334E2E8-E373-4580-BBEF-EF8715C6EB16}.Release|iPhone.Build.0 = Release|x86
		{D334E2E8-E373-4580-BBEF-EF8715C6EB16}.Release|iPhone.Deploy.0 = Release|x86
		{D334E2E8-E373-4580-BBEF-EF8715C6EB16}.Release|iPhoneSimulator.ActiveCfg = Release|x86
		{D334E2E8-E373-4580-BBEF-EF8715C6EB16}.Release|iPhoneSimulator.Build.0 = Release|x86
		{D334E2E8-E373-4580-BBEF-EF8715C6EB16}.Release|iPhoneSimulator.Deploy.0 = Release|x86
		{D334E2E8-E373-4580-BBEF-EF8715C6EB16}.Release|x64.ActiveCfg = Release|x64
		{D334E2E8-E373-4580-BBEF-EF8715C6EB16}.Release|x64.Build.0 = Release|x64
		{D334E2E8-E373-4580-BBEF-EF8715C6EB16}.Release|x64.Deploy.0 = Release|x64
		{D334E2E8-E373-4580-BBEF-EF8715C6EB16}.Release|x86.ActiveCfg = Release|x86
		{D334E2E8-E373-4580-BBEF-EF8715C6EB16}.Release|x86.Build.0 = Release|x86
		{D334E2E8-E373-4580-BBEF-EF8715C6EB16}.Release|x86.Deploy.0 = Release|x86
		{A245BB8E-A2BD-4A8E-B0D4-15D18E68D4CD}.Debug|Any CPU.ActiveCfg = Debug|Any CPU
		{A245BB8E-A2BD-4A8E-B0D4-15D18E68D4CD}.Debug|Any CPU.Build.0 = Debug|Any CPU
		{A245BB8E-A2BD-4A8E-B0D4-15D18E68D4CD}.Debug|Any CPU.Deploy.0 = Debug|Any CPU
		{A245BB8E-A2BD-4A8E-B0D4-15D18E68D4CD}.Debug|ARM.ActiveCfg = Debug|Any CPU
		{A245BB8E-A2BD-4A8E-B0D4-15D18E68D4CD}.Debug|ARM.Build.0 = Debug|Any CPU
		{A245BB8E-A2BD-4A8E-B0D4-15D18E68D4CD}.Debug|ARM.Deploy.0 = Debug|Any CPU
		{A245BB8E-A2BD-4A8E-B0D4-15D18E68D4CD}.Debug|iPhone.ActiveCfg = Debug|Any CPU
		{A245BB8E-A2BD-4A8E-B0D4-15D18E68D4CD}.Debug|iPhone.Build.0 = Debug|Any CPU
		{A245BB8E-A2BD-4A8E-B0D4-15D18E68D4CD}.Debug|iPhone.Deploy.0 = Debug|Any CPU
		{A245BB8E-A2BD-4A8E-B0D4-15D18E68D4CD}.Debug|iPhoneSimulator.ActiveCfg = Debug|Any CPU
		{A245BB8E-A2BD-4A8E-B0D4-15D18E68D4CD}.Debug|iPhoneSimulator.Build.0 = Debug|Any CPU
		{A245BB8E-A2BD-4A8E-B0D4-15D18E68D4CD}.Debug|iPhoneSimulator.Deploy.0 = Debug|Any CPU
		{A245BB8E-A2BD-4A8E-B0D4-15D18E68D4CD}.Debug|x64.ActiveCfg = Debug|Any CPU
		{A245BB8E-A2BD-4A8E-B0D4-15D18E68D4CD}.Debug|x64.Build.0 = Debug|Any CPU
		{A245BB8E-A2BD-4A8E-B0D4-15D18E68D4CD}.Debug|x64.Deploy.0 = Debug|Any CPU
		{A245BB8E-A2BD-4A8E-B0D4-15D18E68D4CD}.Debug|x86.ActiveCfg = Debug|Any CPU
		{A245BB8E-A2BD-4A8E-B0D4-15D18E68D4CD}.Debug|x86.Build.0 = Debug|Any CPU
		{A245BB8E-A2BD-4A8E-B0D4-15D18E68D4CD}.Debug|x86.Deploy.0 = Debug|Any CPU
		{A245BB8E-A2BD-4A8E-B0D4-15D18E68D4CD}.Release|Any CPU.ActiveCfg = Release|Any CPU
		{A245BB8E-A2BD-4A8E-B0D4-15D18E68D4CD}.Release|Any CPU.Build.0 = Release|Any CPU
		{A245BB8E-A2BD-4A8E-B0D4-15D18E68D4CD}.Release|Any CPU.Deploy.0 = Release|Any CPU
		{A245BB8E-A2BD-4A8E-B0D4-15D18E68D4CD}.Release|ARM.ActiveCfg = Release|Any CPU
		{A245BB8E-A2BD-4A8E-B0D4-15D18E68D4CD}.Release|ARM.Build.0 = Release|Any CPU
		{A245BB8E-A2BD-4A8E-B0D4-15D18E68D4CD}.Release|ARM.Deploy.0 = Release|Any CPU
		{A245BB8E-A2BD-4A8E-B0D4-15D18E68D4CD}.Release|iPhone.ActiveCfg = Release|Any CPU
		{A245BB8E-A2BD-4A8E-B0D4-15D18E68D4CD}.Release|iPhone.Build.0 = Release|Any CPU
		{A245BB8E-A2BD-4A8E-B0D4-15D18E68D4CD}.Release|iPhone.Deploy.0 = Release|Any CPU
		{A245BB8E-A2BD-4A8E-B0D4-15D18E68D4CD}.Release|iPhoneSimulator.ActiveCfg = Release|Any CPU
		{A245BB8E-A2BD-4A8E-B0D4-15D18E68D4CD}.Release|iPhoneSimulator.Build.0 = Release|Any CPU
		{A245BB8E-A2BD-4A8E-B0D4-15D18E68D4CD}.Release|iPhoneSimulator.Deploy.0 = Release|Any CPU
		{A245BB8E-A2BD-4A8E-B0D4-15D18E68D4CD}.Release|x64.ActiveCfg = Release|Any CPU
		{A245BB8E-A2BD-4A8E-B0D4-15D18E68D4CD}.Release|x64.Build.0 = Release|Any CPU
		{A245BB8E-A2BD-4A8E-B0D4-15D18E68D4CD}.Release|x64.Deploy.0 = Release|Any CPU
		{A245BB8E-A2BD-4A8E-B0D4-15D18E68D4CD}.Release|x86.ActiveCfg = Release|Any CPU
		{A245BB8E-A2BD-4A8E-B0D4-15D18E68D4CD}.Release|x86.Build.0 = Release|Any CPU
		{A245BB8E-A2BD-4A8E-B0D4-15D18E68D4CD}.Release|x86.Deploy.0 = Release|Any CPU
	EndGlobalSection
	GlobalSection(SolutionProperties) = preSolution
		HideSolutionNode = FALSE
	EndGlobalSection
	GlobalSection(ExtensibilityGlobals) = postSolution
		SolutionGuid = {DCB6E5A6-DEFD-433B-BF24-C807207D2A9F}
	EndGlobalSection
EndGlobal
